
Microsoft Visual Studio Solution File, Format Version 12.00
# Visual Studio Version 18
VisualStudioVersion = 18.3.11222.16
MinimumVisualStudioVersion = 10.0.40219.1
Project("{FAE04EC0-301F-11D3-BF4B-00C04F79EFBC}") = "Su.AutoCAD2Revit", "Su.AutoCAD2Revit\Su.AutoCAD2Revit.csproj", "{6EA79BF9-C198-EE5F-77A0-626C20143BDB}"
EndProject
Project("{FAE04EC0-301F-11D3-BF4B-00C04F79EFBC}") = "Su.AutoCAD2Revit.Test", "Su.AutoCAD2Revit.Test\Su.AutoCAD2Revit.Test.csproj", "{36611D9E-9326-8996-B237-0FC2FA760548}"
EndProject
Global
	GlobalSection(SolutionConfigurationPlatforms) = preSolution
		RVT_13|Any CPU = RVT_13|Any CPU
		RVT_14|Any CPU = RVT_14|Any CPU
		RVT_15|Any CPU = RVT_15|Any CPU
		RVT_16|Any CPU = RVT_16|Any CPU
		RVT_17|Any CPU = RVT_17|Any CPU
		RVT_18|Any CPU = RVT_18|Any CPU
		RVT_19|Any CPU = RVT_19|Any CPU
		RVT_20|Any CPU = RVT_20|Any CPU
		RVT_21|Any CPU = RVT_21|Any CPU
		RVT_22|Any CPU = RVT_22|Any CPU
		RVT_23|Any CPU = RVT_23|Any CPU
		RVT_24|Any CPU = RVT_24|Any CPU
	EndGlobalSection
	GlobalSection(ProjectConfigurationPlatforms) = postSolution
		{6EA79BF9-C198-EE5F-77A0-626C20143BDB}.RVT_13|Any CPU.ActiveCfg = RVT_13|Any CPU
		{6EA79BF9-C198-EE5F-77A0-626C20143BDB}.RVT_13|Any CPU.Build.0 = RVT_13|Any CPU
		{6EA79BF9-C198-EE5F-77A0-626C20143BDB}.RVT_14|Any CPU.ActiveCfg = RVT_14|Any CPU
		{6EA79BF9-C198-EE5F-77A0-626C20143BDB}.RVT_14|Any CPU.Build.0 = RVT_14|Any CPU
		{6EA79BF9-C198-EE5F-77A0-626C20143BDB}.RVT_15|Any CPU.ActiveCfg = RVT_15|Any CPU
		{6EA79BF9-C198-EE5F-77A0-626C20143BDB}.RVT_15|Any CPU.Build.0 = RVT_15|Any CPU
		{6EA79BF9-C198-EE5F-77A0-626C20143BDB}.RVT_16|Any CPU.ActiveCfg = RVT_16|Any CPU
		{6EA79BF9-C198-EE5F-77A0-626C20143BDB}.RVT_16|Any CPU.Build.0 = RVT_16|Any CPU
		{6EA79BF9-C198-EE5F-77A0-626C20143BDB}.RVT_17|Any CPU.ActiveCfg = RVT_17|Any CPU
		{6EA79BF9-C198-EE5F-77A0-626C20143BDB}.RVT_17|Any CPU.Build.0 = RVT_17|Any CPU
		{6EA79BF9-C198-EE5F-77A0-626C20143BDB}.RVT_18|Any CPU.ActiveCfg = RVT_18|Any CPU
		{6EA79BF9-C198-EE5F-77A0-626C20143BDB}.RVT_18|Any CPU.Build.0 = RVT_18|Any CPU
		{6EA79BF9-C198-EE5F-77A0-626C20143BDB}.RVT_19|Any CPU.ActiveCfg = RVT_19|Any CPU
		{6EA79BF9-C198-EE5F-77A0-626C20143BDB}.RVT_19|Any CPU.Build.0 = RVT_19|Any CPU
		{6EA79BF9-C198-EE5F-77A0-626C20143BDB}.RVT_20|Any CPU.ActiveCfg = RVT_20|Any CPU
		{6EA79BF9-C198-EE5F-77A0-626C20143BDB}.RVT_20|Any CPU.Build.0 = RVT_20|Any CPU
		{6EA79BF9-C198-EE5F-77A0-626C20143BDB}.RVT_21|Any CPU.ActiveCfg = RVT_21|Any CPU
		{6EA79BF9-C198-EE5F-77A0-626C20143BDB}.RVT_21|Any CPU.Build.0 = RVT_21|Any CPU
		{6EA79BF9-C198-EE5F-77A0-626C20143BDB}.RVT_22|Any CPU.ActiveCfg = RVT_22|Any CPU
		{6EA79BF9-C198-EE5F-77A0-626C20143BDB}.RVT_22|Any CPU.Build.0 = RVT_22|Any CPU
		{6EA79BF9-C198-EE5F-77A0-626C20143BDB}.RVT_23|Any CPU.ActiveCfg = RVT_23|Any CPU
		{6EA79BF9-C198-EE5F-77A0-626C20143BDB}.RVT_23|Any CPU.Build.0 = RVT_23|Any CPU
		{6EA79BF9-C198-EE5F-77A0-626C20143BDB}.RVT_24|Any CPU.ActiveCfg = RVT_24|Any CPU
		{6EA79BF9-C198-EE5F-77A0-626C20143BDB}.RVT_24|Any CPU.Build.0 = RVT_24|Any CPU
		{36611D9E-9326-8996-B237-0FC2FA760548}.RVT_13|Any CPU.ActiveCfg = RVT_13|Any CPU
		{36611D9E-9326-8996-B237-0FC2FA760548}.RVT_13|Any CPU.Build.0 = RVT_13|Any CPU
		{36611D9E-9326-8996-B237-0FC2FA760548}.RVT_14|Any CPU.ActiveCfg = RVT_14|Any CPU
		{36611D9E-9326-8996-B237-0FC2FA760548}.RVT_14|Any CPU.Build.0 = RVT_14|Any CPU
		{36611D9E-9326-8996-B237-0FC2FA760548}.RVT_15|Any CPU.ActiveCfg = RVT_15|Any CPU
		{36611D9E-9326-8996-B237-0FC2FA760548}.RVT_15|Any CPU.Build.0 = RVT_15|Any CPU
		{36611D9E-9326-8996-B237-0FC2FA760548}.RVT_16|Any CPU.ActiveCfg = RVT_16|Any CPU
		{36611D9E-9326-8996-B237-0FC2FA760548}.RVT_16|Any CPU.Build.0 = RVT_16|Any CPU
		{36611D9E-9326-8996-B237-0FC2FA760548}.RVT_17|Any CPU.ActiveCfg = RVT_17|Any CPU
		{36611D9E-9326-8996-B237-0FC2FA760548}.RVT_17|Any CPU.Build.0 = RVT_17|Any CPU
		{36611D9E-9326-8996-B237-0FC2FA760548}.RVT_18|Any CPU.ActiveCfg = RVT_18|Any CPU
		{36611D9E-9326-8996-B237-0FC2FA760548}.RVT_18|Any CPU.Build.0 = RVT_18|Any CPU
		{36611D9E-9326-8996-B237-0FC2FA760548}.RVT_19|Any CPU.ActiveCfg = RVT_19|Any CPU
		{36611D9E-9326-8996-B237-0FC2FA760548}.RVT_19|Any CPU.Build.0 = RVT_19|Any CPU
		{36611D9E-9326-8996-B237-0FC2FA760548}.RVT_20|Any CPU.ActiveCfg = RVT_20|Any CPU
		{36611D9E-9326-8996-B237-0FC2FA760548}.RVT_20|Any CPU.Build.0 = RVT_20|Any CPU
		{36611D9E-9326-8996-B237-0FC2FA760548}.RVT_21|Any CPU.ActiveCfg = RVT_21|Any CPU
		{36611D9E-9326-8996-B237-0FC2FA760548}.RVT_21|Any CPU.Build.0 = RVT_21|Any CPU
		{36611D9E-9326-8996-B237-0FC2FA760548}.RVT_22|Any CPU.ActiveCfg = RVT_22|Any CPU
		{36611D9E-9326-8996-B237-0FC2FA760548}.RVT_22|Any CPU.Build.0 = RVT_22|Any CPU
		{36611D9E-9326-8996-B237-0FC2FA760548}.RVT_23|Any CPU.ActiveCfg = RVT_23|Any CPU
		{36611D9E-9326-8996-B237-0FC2FA760548}.RVT_23|Any CPU.Build.0 = RVT_23|Any CPU
		{36611D9E-9326-8996-B237-0FC2FA760548}.RVT_24|Any CPU.ActiveCfg = RVT_24|Any CPU
		{36611D9E-9326-8996-B237-0FC2FA760548}.RVT_24|Any CPU.Build.0 = RVT_24|Any CPU
	EndGlobalSection
	GlobalSection(SolutionProperties) = preSolution
		HideSolutionNode = FALSE
	EndGlobalSection
	GlobalSection(ExtensibilityGlobals) = postSolution
		SolutionGuid = {967CE38A-9BC6-42C1-BC7D-F16F6E3BADEB}
	EndGlobalSection
EndGlobal
